
Microsoft Visual Studio Solution File, Format Version 12.00
# Visual Studio Version 17
VisualStudioVersion = 17.0.31903.59
MinimumVisualStudioVersion = 10.0.40219.1
Project("{FAE04EC0-301F-11D3-BF4B-00C04F79EFBC}") = "Spotify.Core", "Spotify.Core\Spotify.Core.csproj", "{0B5E903A-0E0B-4EB0-BFAE-2963E88F66DB}"
EndProject
Project("{FAE04EC0-301F-11D3-BF4B-00C04F79EFBC}") = "Spotify.ReposDapper", "Spotify.ReposDapper\Spotify.ReposDapper.csproj", "{82BA2DD6-20E6-40A4-9CB7-28CE20BC404A}"
EndProject
Project("{FAE04EC0-301F-11D3-BF4B-00C04F79EFBC}") = "Spotify.ReposDapper.Test", "Spotify.ReposDapper.Test\Spotify.ReposDapper.Test.csproj", "{E3B25A95-849B-4BCA-9F55-1521C57336B5}"
EndProject
Project("{FAE04EC0-301F-11D3-BF4B-00C04F79EFBC}") = "MinimalAPI", "MinimalAPI\MinimalAPI.csproj", "{C313FCE5-DF5C-48AD-A2D2-0CF33573D0C2}"
EndProject
Project("{FAE04EC0-301F-11D3-BF4B-00C04F79EFBC}") = "Spotify.MVC", "..\Spotify.MVC\Spotify.MVC.csproj", "{673801BC-2C85-45AB-B0E6-D95BCFED8C61}"
EndProject
Global
	GlobalSection(SolutionConfigurationPlatforms) = preSolution
		Debug|Any CPU = Debug|Any CPU
		Debug|x64 = Debug|x64
		Debug|x86 = Debug|x86
		Release|Any CPU = Release|Any CPU
		Release|x64 = Release|x64
		Release|x86 = Release|x86
	EndGlobalSection
	GlobalSection(ProjectConfigurationPlatforms) = postSolution
		{0B5E903A-0E0B-4EB0-BFAE-2963E88F66DB}.Debug|Any CPU.ActiveCfg = Debug|Any CPU
		{0B5E903A-0E0B-4EB0-BFAE-2963E88F66DB}.Debug|Any CPU.Build.0 = Debug|Any CPU
		{0B5E903A-0E0B-4EB0-BFAE-2963E88F66DB}.Debug|x64.ActiveCfg = Debug|Any CPU
		{0B5E903A-0E0B-4EB0-BFAE-2963E88F66DB}.Debug|x64.Build.0 = Debug|Any CPU
		{0B5E903A-0E0B-4EB0-BFAE-2963E88F66DB}.Debug|x86.ActiveCfg = Debug|Any CPU
		{0B5E903A-0E0B-4EB0-BFAE-2963E88F66DB}.Debug|x86.Build.0 = Debug|Any CPU
		{0B5E903A-0E0B-4EB0-BFAE-2963E88F66DB}.Release|Any CPU.ActiveCfg = Release|Any CPU
		{0B5E903A-0E0B-4EB0-BFAE-2963E88F66DB}.Release|Any CPU.Build.0 = Release|Any CPU
		{0B5E903A-0E0B-4EB0-BFAE-2963E88F66DB}.Release|x64.ActiveCfg = Release|Any CPU
		{0B5E903A-0E0B-4EB0-BFAE-2963E88F66DB}.Release|x64.Build.0 = Release|Any CPU
		{0B5E903A-0E0B-4EB0-BFAE-2963E88F66DB}.Release|x86.ActiveCfg = Release|Any CPU
		{0B5E903A-0E0B-4EB0-BFAE-2963E88F66DB}.Release|x86.Build.0 = Release|Any CPU
		{82BA2DD6-20E6-40A4-9CB7-28CE20BC404A}.Debug|Any CPU.ActiveCfg = Debug|Any CPU
		{82BA2DD6-20E6-40A4-9CB7-28CE20BC404A}.Debug|Any CPU.Build.0 = Debug|Any CPU
		{82BA2DD6-20E6-40A4-9CB7-28CE20BC404A}.Debug|x64.ActiveCfg = Debug|Any CPU
		{82BA2DD6-20E6-40A4-9CB7-28CE20BC404A}.Debug|x64.Build.0 = Debug|Any CPU
		{82BA2DD6-20E6-40A4-9CB7-28CE20BC404A}.Debug|x86.ActiveCfg = Debug|Any CPU
		{82BA2DD6-20E6-40A4-9CB7-28CE20BC404A}.Debug|x86.Build.0 = Debug|Any CPU
		{82BA2DD6-20E6-40A4-9CB7-28CE20BC404A}.Release|Any CPU.ActiveCfg = Release|Any CPU
		{82BA2DD6-20E6-40A4-9CB7-28CE20BC404A}.Release|Any CPU.Build.0 = Release|Any CPU
		{82BA2DD6-20E6-40A4-9CB7-28CE20BC404A}.Release|x64.ActiveCfg = Release|Any CPU
		{82BA2DD6-20E6-40A4-9CB7-28CE20BC404A}.Release|x64.Build.0 = Release|Any CPU
		{82BA2DD6-20E6-40A4-9CB7-28CE20BC404A}.Release|x86.ActiveCfg = Release|Any CPU
		{82BA2DD6-20E6-40A4-9CB7-28CE20BC404A}.Release|x86.Build.0 = Release|Any CPU
		{E3B25A95-849B-4BCA-9F55-1521C57336B5}.Debug|Any CPU.ActiveCfg = Debug|Any CPU
		{E3B25A95-849B-4BCA-9F55-1521C57336B5}.Debug|Any CPU.Build.0 = Debug|Any CPU
		{E3B25A95-849B-4BCA-9F55-1521C57336B5}.Debug|x64.ActiveCfg = Debug|Any CPU
		{E3B25A95-849B-4BCA-9F55-1521C57336B5}.Debug|x64.Build.0 = Debug|Any CPU
		{E3B25A95-849B-4BCA-9F55-1521C57336B5}.Debug|x86.ActiveCfg = Debug|Any CPU
		{E3B25A95-849B-4BCA-9F55-1521C57336B5}.Debug|x86.Build.0 = Debug|Any CPU
		{E3B25A95-849B-4BCA-9F55-1521C57336B5}.Release|Any CPU.ActiveCfg = Release|Any CPU
		{E3B25A95-849B-4BCA-9F55-1521C57336B5}.Release|Any CPU.Build.0 = Release|Any CPU
		{E3B25A95-849B-4BCA-9F55-1521C57336B5}.Release|x64.ActiveCfg = Release|Any CPU
		{E3B25A95-849B-4BCA-9F55-1521C57336B5}.Release|x64.Build.0 = Release|Any CPU
		{E3B25A95-849B-4BCA-9F55-1521C57336B5}.Release|x86.ActiveCfg = Release|Any CPU
		{E3B25A95-849B-4BCA-9F55-1521C57336B5}.Release|x86.Build.0 = Release|Any CPU
		{C313FCE5-DF5C-48AD-A2D2-0CF33573D0C2}.Debug|Any CPU.ActiveCfg = Debug|Any CPU
		{C313FCE5-DF5C-48AD-A2D2-0CF33573D0C2}.Debug|Any CPU.Build.0 = Debug|Any CPU
		{C313FCE5-DF5C-48AD-A2D2-0CF33573D0C2}.Debug|x64.ActiveCfg = Debug|Any CPU
		{C313FCE5-DF5C-48AD-A2D2-0CF33573D0C2}.Debug|x64.Build.0 = Debug|Any CPU
		{C313FCE5-DF5C-48AD-A2D2-0CF33573D0C2}.Debug|x86.ActiveCfg = Debug|Any CPU
		{C313FCE5-DF5C-48AD-A2D2-0CF33573D0C2}.Debug|x86.Build.0 = Debug|Any CPU
		{C313FCE5-DF5C-48AD-A2D2-0CF33573D0C2}.Release|Any CPU.ActiveCfg = Release|Any CPU
		{C313FCE5-DF5C-48AD-A2D2-0CF33573D0C2}.Release|Any CPU.Build.0 = Release|Any CPU
		{C313FCE5-DF5C-48AD-A2D2-0CF33573D0C2}.Release|x64.ActiveCfg = Release|Any CPU
		{C313FCE5-DF5C-48AD-A2D2-0CF33573D0C2}.Release|x64.Build.0 = Release|Any CPU
		{C313FCE5-DF5C-48AD-A2D2-0CF33573D0C2}.Release|x86.ActiveCfg = Release|Any CPU
		{C313FCE5-DF5C-48AD-A2D2-0CF33573D0C2}.Release|x86.Build.0 = Release|Any CPU
		{673801BC-2C85-45AB-B0E6-D95BCFED8C61}.Debug|Any CPU.ActiveCfg = Debug|Any CPU
		{673801BC-2C85-45AB-B0E6-D95BCFED8C61}.Debug|Any CPU.Build.0 = Debug|Any CPU
		{673801BC-2C85-45AB-B0E6-D95BCFED8C61}.Debug|x64.ActiveCfg = Debug|Any CPU
		{673801BC-2C85-45AB-B0E6-D95BCFED8C61}.Debug|x64.Build.0 = Debug|Any CPU
		{673801BC-2C85-45AB-B0E6-D95BCFED8C61}.Debug|x86.ActiveCfg = Debug|Any CPU
		{673801BC-2C85-45AB-B0E6-D95BCFED8C61}.Debug|x86.Build.0 = Debug|Any CPU
		{673801BC-2C85-45AB-B0E6-D95BCFED8C61}.Release|Any CPU.ActiveCfg = Release|Any CPU
		{673801BC-2C85-45AB-B0E6-D95BCFED8C61}.Release|Any CPU.Build.0 = Release|Any CPU
		{673801BC-2C85-45AB-B0E6-D95BCFED8C61}.Release|x64.ActiveCfg = Release|Any CPU
		{673801BC-2C85-45AB-B0E6-D95BCFED8C61}.Release|x64.Build.0 = Release|Any CPU
		{673801BC-2C85-45AB-B0E6-D95BCFED8C61}.Release|x86.ActiveCfg = Release|Any CPU
		{673801BC-2C85-45AB-B0E6-D95BCFED8C61}.Release|x86.Build.0 = Release|Any CPU
	EndGlobalSection
	GlobalSection(SolutionProperties) = preSolution
		HideSolutionNode = FALSE
	EndGlobalSection
EndGlobal
